dependencies:
- name: cert-manager
  repository: https://charts.jetstack.io
  version: v1.21.0
- name: cert-manager-google-cas-issuer
  repository: https://charts.jetstack.io
  version: v0.11.0
digest: sha256:9fe0a4eafabd4b88501780268ffceb7f33d09dc7b9b0c151ede6721811010f3a
generated: "2026-07-08T22:56:47.765649461Z"
