dependencies:
- name: cert-manager
  repository: https://charts.jetstack.io
  version: v1.19.0
- name: cert-manager-google-cas-issuer
  repository: https://charts.jetstack.io
  version: v0.10.1
digest: sha256:f12127010cae0f7ea952f5e2fd354e6faed7fc0664dd16a729fdfc3f0157bfd0
generated: "2025-10-07T19:31:25.05136261Z"
