dependencies:
- name: kellnr
  repository: https://kellnr.github.io/helm
  version: 4.2.0
- name: postgresql
  repository: https://charts.bitnami.com/bitnami
  version: 16.7.27
digest: sha256:5f77ba550a05b6925a219518f6c525d09de4f9058bf697181047fe2090c2ddbe
generated: "2025-11-03T22:49:33.957224022Z"
