dependencies:
- name: kellnr
  repository: https://kellnr.github.io/helm
  version: 4.3.4
- name: postgresql
  repository: https://charts.bitnami.com/bitnami
  version: 18.2.0
digest: sha256:c719cce0ae2f6872e02cefcbde91850aaebcb7bc05e678d7c7a14af2f588a636
generated: "2026-01-08T01:08:48.580217729Z"
