dependencies:
- name: kellnr
  repository: https://kellnr.github.io/helm
  version: 5.0.6
- name: postgresql
  repository: https://charts.bitnami.com/bitnami
  version: 18.7.5
digest: sha256:1b429e51628ec34043d77dc7ba25814827750732a05eaa1e98226a3c250b9780
generated: "2026-06-16T02:04:56.918278614Z"
