dependencies:
- name: pihole
  repository: https://mojo2600.github.io/pihole-kubernetes/
  version: 2.28.0
- name: unbound
  repository: https://charts.pascaliske.dev
  version: 1.0.3
digest: sha256:52e652ba4e27ce508262e1f00526f6f04aa09c4225a4da3ac6506ffb2b52fddc
generated: "2025-03-03T01:22:50.076666606Z"
