dependencies:
- name: pihole
  repository: https://mojo2600.github.io/pihole-kubernetes/
  version: 2.29.1
- name: unbound
  repository: https://charts.pascaliske.dev
  version: 1.0.3
digest: sha256:8c30516ebf8f84ea09b9b5de5ee24620101ac883e05ba2516e9269f306345319
generated: "2025-03-08T22:34:56.707334524Z"
