dependencies:
- name: pihole
  repository: https://mojo2600.github.io/pihole-kubernetes/
  version: 2.30.0
- name: unbound
  repository: https://charts.pascaliske.dev
  version: 1.0.3
digest: sha256:d9cfa952d0cf6f5902f28d995f4fcec467cae74490de3c03aa1a50ed73493273
generated: "2025-05-01T08:16:24.689041333Z"
